
Microsoft Visual Studio Solution File, Format Version 12.00
Project("{FAE04EC0-301F-11D3-BF4B-00C04F79EFBC}") = "RefitClientTemplate", "src\RefitClientTemplate\RefitClientTemplate.csproj", "{614D4630-DE76-40A0-8ED2-2F2566C91FDF}"
EndProject
Global
	GlobalSection(SolutionConfigurationPlatforms) = preSolution
		Debug|Any CPU = Debug|Any CPU
		Release|Any CPU = Release|Any CPU
	EndGlobalSection
	GlobalSection(ProjectConfigurationPlatforms) = postSolution
		{614D4630-DE76-40A0-8ED2-2F2566C91FDF}.Debug|Any CPU.ActiveCfg = Debug|Any CPU
		{614D4630-DE76-40A0-8ED2-2F2566C91FDF}.Debug|Any CPU.Build.0 = Debug|Any CPU
		{614D4630-DE76-40A0-8ED2-2F2566C91FDF}.Release|Any CPU.ActiveCfg = Release|Any CPU
		{614D4630-DE76-40A0-8ED2-2F2566C91FDF}.Release|Any CPU.Build.0 = Release|Any CPU
	EndGlobalSection
EndGlobal
